
Microsoft Visual Studio Solution File, Format Version 12.00
# Visual Studio 15
VisualStudioVersion = 15.0.27130.2036
MinimumVisualStudioVersion = 10.0.40219.1
Project("{FAE04EC0-301F-11D3-BF4B-00C04F79EFBC}") = "WebUI", "WebUI\WebUI.csproj", "{E7924AFE-AE83-4C65-A298-F757F8B7B5BC}"
	ProjectSection(ProjectDependencies) = postProject
		{725B535E-9A85-4F56-97B9-BC0C9D4B07BD} = {725B535E-9A85-4F56-97B9-BC0C9D4B07BD}
		{15455E7E-0D63-4AAB-AEAF-801ADC0EAFD1} = {15455E7E-0D63-4AAB-AEAF-801ADC0EAFD1}
		{307031A1-4E67-4F00-862E-61EB32AB8FE6} = {307031A1-4E67-4F00-862E-61EB32AB8FE6}
	EndProjectSection
EndProject
Project("{FAE04EC0-301F-11D3-BF4B-00C04F79EFBC}") = "WebUI.Tests", "WebUI.Tests\WebUI.Tests.csproj", "{943E6976-7DC1-409A-9E2B-F5054EB894B6}"
EndProject
Project("{FAE04EC0-301F-11D3-BF4B-00C04F79EFBC}") = "Data.Implementations", "Data\Data.Implementations.csproj", "{307031A1-4E67-4F00-862E-61EB32AB8FE6}"
EndProject
Project("{FAE04EC0-301F-11D3-BF4B-00C04F79EFBC}") = "Services.Implementations", "Services\Services.Implementations.csproj", "{725B535E-9A85-4F56-97B9-BC0C9D4B07BD}"
	ProjectSection(ProjectDependencies) = postProject
		{203E5532-C120-4D38-8AA7-6099611D4A40} = {203E5532-C120-4D38-8AA7-6099611D4A40}
		{96750A4A-1FA0-49B5-B5EA-D539B37ACE42} = {96750A4A-1FA0-49B5-B5EA-D539B37ACE42}
		{6D3EA9A9-4ACA-4A1B-A342-015B6045E146} = {6D3EA9A9-4ACA-4A1B-A342-015B6045E146}
		{DA8DFEF1-4870-44F7-80C6-E45C4623786A} = {DA8DFEF1-4870-44F7-80C6-E45C4623786A}
	EndProjectSection
EndProject
Project("{FAE04EC0-301F-11D3-BF4B-00C04F79EFBC}") = "Data.Interfaces", "Data.Interfaces\Data.Interfaces.csproj", "{203E5532-C120-4D38-8AA7-6099611D4A40}"
EndProject
Project("{FAE04EC0-301F-11D3-BF4B-00C04F79EFBC}") = "Data.Extensions", "Data.Extensions\Data.Extensions.csproj", "{15455E7E-0D63-4AAB-AEAF-801ADC0EAFD1}"
EndProject
Project("{2150E333-8FDC-42A3-9474-1A3956D46DE8}") = "Data", "Data", "{5A6B6FFD-51A2-4B14-89BE-325B5E48C9A8}"
EndProject
Project("{FAE04EC0-301F-11D3-BF4B-00C04F79EFBC}") = "Services.DTO", "Services.DTO\Services.DTO.csproj", "{6D3EA9A9-4ACA-4A1B-A342-015B6045E146}"
EndProject
Project("{FAE04EC0-301F-11D3-BF4B-00C04F79EFBC}") = "Services.Interfaces", "Services.Interfaces\Services.Interfaces.csproj", "{96750A4A-1FA0-49B5-B5EA-D539B37ACE42}"
EndProject
Project("{2150E333-8FDC-42A3-9474-1A3956D46DE8}") = "BLL", "BLL", "{F167A030-50D9-4B93-99C4-2D6D25DFB353}"
EndProject
Project("{FAE04EC0-301F-11D3-BF4B-00C04F79EFBC}") = "Entity", "Entity\Entity.csproj", "{DA8DFEF1-4870-44F7-80C6-E45C4623786A}"
EndProject
Project("{FAE04EC0-301F-11D3-BF4B-00C04F79EFBC}") = "Contracts", "Contracts\Contracts.csproj", "{6114C2EE-2387-4854-A537-DC6B247F187E}"
EndProject
Project("{2150E333-8FDC-42A3-9474-1A3956D46DE8}") = "BLL.Features", "BLL.Features", "{2FE416EC-20D3-45BC-8E60-A89927DB0DCB}"
EndProject
Project("{FAE04EC0-301F-11D3-BF4B-00C04F79EFBC}") = "Services.Features.DTO", "Services.Features.DTO\Services.Features.DTO.csproj", "{3FAE1D6B-9441-4780-A42D-C2B14B02B2E2}"
EndProject
Project("{FAE04EC0-301F-11D3-BF4B-00C04F79EFBC}") = "Services.Features.Models", "Services.Features.Models\Services.Features.Models.csproj", "{36917124-A0E1-46D4-B922-ED82D12260E5}"
EndProject
Project("{FAE04EC0-301F-11D3-BF4B-00C04F79EFBC}") = "Services.Features.Tests", "Services.Features.Tests\Services.Features.Tests.csproj", "{26F6169A-198D-49A2-96DB-2121305DBBB9}"
EndProject
Project("{FAE04EC0-301F-11D3-BF4B-00C04F79EFBC}") = "Services.Features.Interfaces", "Services.Features.Interfaces\Services.Features.Interfaces.csproj", "{A4D8A797-EE8F-420F-BB59-556C9A74C132}"
EndProject
Project("{FAE04EC0-301F-11D3-BF4B-00C04F79EFBC}") = "Services.Features.Implementations", "Services.Features.Implementations\Services.Features.Implementations.csproj", "{6F06618B-702E-4C30-9F01-5C1EA6543DD4}"
EndProject
Global
	GlobalSection(SolutionConfigurationPlatforms) = preSolution
		Debug|Any CPU = Debug|Any CPU
		Release|Any CPU = Release|Any CPU
	EndGlobalSection
	GlobalSection(ProjectConfigurationPlatforms) = postSolution
		{E7924AFE-AE83-4C65-A298-F757F8B7B5BC}.Debug|Any CPU.ActiveCfg = Debug|Any CPU
		{E7924AFE-AE83-4C65-A298-F757F8B7B5BC}.Debug|Any CPU.Build.0 = Debug|Any CPU
		{E7924AFE-AE83-4C65-A298-F757F8B7B5BC}.Release|Any CPU.ActiveCfg = Release|Any CPU
		{E7924AFE-AE83-4C65-A298-F757F8B7B5BC}.Release|Any CPU.Build.0 = Release|Any CPU
		{943E6976-7DC1-409A-9E2B-F5054EB894B6}.Debug|Any CPU.ActiveCfg = Debug|Any CPU
		{943E6976-7DC1-409A-9E2B-F5054EB894B6}.Debug|Any CPU.Build.0 = Debug|Any CPU
		{943E6976-7DC1-409A-9E2B-F5054EB894B6}.Release|Any CPU.ActiveCfg = Release|Any CPU
		{943E6976-7DC1-409A-9E2B-F5054EB894B6}.Release|Any CPU.Build.0 = Release|Any CPU
		{307031A1-4E67-4F00-862E-61EB32AB8FE6}.Debug|Any CPU.ActiveCfg = Debug|Any CPU
		{307031A1-4E67-4F00-862E-61EB32AB8FE6}.Debug|Any CPU.Build.0 = Debug|Any CPU
		{307031A1-4E67-4F00-862E-61EB32AB8FE6}.Release|Any CPU.ActiveCfg = Release|Any CPU
		{307031A1-4E67-4F00-862E-61EB32AB8FE6}.Release|Any CPU.Build.0 = Release|Any CPU
		{725B535E-9A85-4F56-97B9-BC0C9D4B07BD}.Debug|Any CPU.ActiveCfg = Debug|Any CPU
		{725B535E-9A85-4F56-97B9-BC0C9D4B07BD}.Debug|Any CPU.Build.0 = Debug|Any CPU
		{725B535E-9A85-4F56-97B9-BC0C9D4B07BD}.Release|Any CPU.ActiveCfg = Release|Any CPU
		{725B535E-9A85-4F56-97B9-BC0C9D4B07BD}.Release|Any CPU.Build.0 = Release|Any CPU
		{203E5532-C120-4D38-8AA7-6099611D4A40}.Debug|Any CPU.ActiveCfg = Debug|Any CPU
		{203E5532-C120-4D38-8AA7-6099611D4A40}.Debug|Any CPU.Build.0 = Debug|Any CPU
		{203E5532-C120-4D38-8AA7-6099611D4A40}.Release|Any CPU.ActiveCfg = Release|Any CPU
		{203E5532-C120-4D38-8AA7-6099611D4A40}.Release|Any CPU.Build.0 = Release|Any CPU
		{15455E7E-0D63-4AAB-AEAF-801ADC0EAFD1}.Debug|Any CPU.ActiveCfg = Debug|Any CPU
		{15455E7E-0D63-4AAB-AEAF-801ADC0EAFD1}.Debug|Any CPU.Build.0 = Debug|Any CPU
		{15455E7E-0D63-4AAB-AEAF-801ADC0EAFD1}.Release|Any CPU.ActiveCfg = Release|Any CPU
		{15455E7E-0D63-4AAB-AEAF-801ADC0EAFD1}.Release|Any CPU.Build.0 = Release|Any CPU
		{6D3EA9A9-4ACA-4A1B-A342-015B6045E146}.Debug|Any CPU.ActiveCfg = Debug|Any CPU
		{6D3EA9A9-4ACA-4A1B-A342-015B6045E146}.Debug|Any CPU.Build.0 = Debug|Any CPU
		{6D3EA9A9-4ACA-4A1B-A342-015B6045E146}.Release|Any CPU.ActiveCfg = Release|Any CPU
		{6D3EA9A9-4ACA-4A1B-A342-015B6045E146}.Release|Any CPU.Build.0 = Release|Any CPU
		{96750A4A-1FA0-49B5-B5EA-D539B37ACE42}.Debug|Any CPU.ActiveCfg = Debug|Any CPU
		{96750A4A-1FA0-49B5-B5EA-D539B37ACE42}.Debug|Any CPU.Build.0 = Debug|Any CPU
		{96750A4A-1FA0-49B5-B5EA-D539B37ACE42}.Release|Any CPU.ActiveCfg = Release|Any CPU
		{96750A4A-1FA0-49B5-B5EA-D539B37ACE42}.Release|Any CPU.Build.0 = Release|Any CPU
		{DA8DFEF1-4870-44F7-80C6-E45C4623786A}.Debug|Any CPU.ActiveCfg = Debug|Any CPU
		{DA8DFEF1-4870-44F7-80C6-E45C4623786A}.Debug|Any CPU.Build.0 = Debug|Any CPU
		{DA8DFEF1-4870-44F7-80C6-E45C4623786A}.Release|Any CPU.ActiveCfg = Release|Any CPU
		{DA8DFEF1-4870-44F7-80C6-E45C4623786A}.Release|Any CPU.Build.0 = Release|Any CPU
		{6114C2EE-2387-4854-A537-DC6B247F187E}.Debug|Any CPU.ActiveCfg = Debug|Any CPU
		{6114C2EE-2387-4854-A537-DC6B247F187E}.Debug|Any CPU.Build.0 = Debug|Any CPU
		{6114C2EE-2387-4854-A537-DC6B247F187E}.Release|Any CPU.ActiveCfg = Release|Any CPU
		{6114C2EE-2387-4854-A537-DC6B247F187E}.Release|Any CPU.Build.0 = Release|Any CPU
		{3FAE1D6B-9441-4780-A42D-C2B14B02B2E2}.Debug|Any CPU.ActiveCfg = Debug|Any CPU
		{3FAE1D6B-9441-4780-A42D-C2B14B02B2E2}.Debug|Any CPU.Build.0 = Debug|Any CPU
		{3FAE1D6B-9441-4780-A42D-C2B14B02B2E2}.Release|Any CPU.ActiveCfg = Release|Any CPU
		{3FAE1D6B-9441-4780-A42D-C2B14B02B2E2}.Release|Any CPU.Build.0 = Release|Any CPU
		{36917124-A0E1-46D4-B922-ED82D12260E5}.Debug|Any CPU.ActiveCfg = Debug|Any CPU
		{36917124-A0E1-46D4-B922-ED82D12260E5}.Debug|Any CPU.Build.0 = Debug|Any CPU
		{36917124-A0E1-46D4-B922-ED82D12260E5}.Release|Any CPU.ActiveCfg = Release|Any CPU
		{36917124-A0E1-46D4-B922-ED82D12260E5}.Release|Any CPU.Build.0 = Release|Any CPU
		{26F6169A-198D-49A2-96DB-2121305DBBB9}.Debug|Any CPU.ActiveCfg = Debug|Any CPU
		{26F6169A-198D-49A2-96DB-2121305DBBB9}.Debug|Any CPU.Build.0 = Debug|Any CPU
		{26F6169A-198D-49A2-96DB-2121305DBBB9}.Release|Any CPU.ActiveCfg = Release|Any CPU
		{26F6169A-198D-49A2-96DB-2121305DBBB9}.Release|Any CPU.Build.0 = Release|Any CPU
		{A4D8A797-EE8F-420F-BB59-556C9A74C132}.Debug|Any CPU.ActiveCfg = Debug|Any CPU
		{A4D8A797-EE8F-420F-BB59-556C9A74C132}.Debug|Any CPU.Build.0 = Debug|Any CPU
		{A4D8A797-EE8F-420F-BB59-556C9A74C132}.Release|Any CPU.ActiveCfg = Release|Any CPU
		{A4D8A797-EE8F-420F-BB59-556C9A74C132}.Release|Any CPU.Build.0 = Release|Any CPU
		{6F06618B-702E-4C30-9F01-5C1EA6543DD4}.Debug|Any CPU.ActiveCfg = Debug|Any CPU
		{6F06618B-702E-4C30-9F01-5C1EA6543DD4}.Debug|Any CPU.Build.0 = Debug|Any CPU
		{6F06618B-702E-4C30-9F01-5C1EA6543DD4}.Release|Any CPU.ActiveCfg = Release|Any CPU
		{6F06618B-702E-4C30-9F01-5C1EA6543DD4}.Release|Any CPU.Build.0 = Release|Any CPU
	EndGlobalSection
	GlobalSection(SolutionProperties) = preSolution
		HideSolutionNode = FALSE
	EndGlobalSection
	GlobalSection(NestedProjects) = preSolution
		{307031A1-4E67-4F00-862E-61EB32AB8FE6} = {5A6B6FFD-51A2-4B14-89BE-325B5E48C9A8}
		{725B535E-9A85-4F56-97B9-BC0C9D4B07BD} = {F167A030-50D9-4B93-99C4-2D6D25DFB353}
		{203E5532-C120-4D38-8AA7-6099611D4A40} = {5A6B6FFD-51A2-4B14-89BE-325B5E48C9A8}
		{15455E7E-0D63-4AAB-AEAF-801ADC0EAFD1} = {5A6B6FFD-51A2-4B14-89BE-325B5E48C9A8}
		{6D3EA9A9-4ACA-4A1B-A342-015B6045E146} = {F167A030-50D9-4B93-99C4-2D6D25DFB353}
		{96750A4A-1FA0-49B5-B5EA-D539B37ACE42} = {F167A030-50D9-4B93-99C4-2D6D25DFB353}
		{3FAE1D6B-9441-4780-A42D-C2B14B02B2E2} = {2FE416EC-20D3-45BC-8E60-A89927DB0DCB}
		{36917124-A0E1-46D4-B922-ED82D12260E5} = {2FE416EC-20D3-45BC-8E60-A89927DB0DCB}
		{A4D8A797-EE8F-420F-BB59-556C9A74C132} = {2FE416EC-20D3-45BC-8E60-A89927DB0DCB}
		{6F06618B-702E-4C30-9F01-5C1EA6543DD4} = {2FE416EC-20D3-45BC-8E60-A89927DB0DCB}
	EndGlobalSection
	GlobalSection(ExtensibilityGlobals) = postSolution
		SolutionGuid = {DFCA501B-76CA-4D59-B690-EBD06FCF8CAD}
	EndGlobalSection
EndGlobal
